{
  "name": "node",
  "version": "1.0.0",
  "lockfileVersion": 1,
  "requires": true,
  "dependencies": {
    "@vasiliymerzlykov/ajs": {
      "version": "1.0.0",
      "resolved": "https://npm.pkg.github.com/download/@vasiliymerzlykov/ajs/1.0.0/5d0783229e4aa1b81dcd01f0f4b9840392e28313dfb27634a0247e31bf062557",
      "integrity": "sha512-BcGqHb0M3PT7ucQiviYHz/5XexaM94DPHQl9NSkoF2lxFpq2BdQbE4hdSIsxrdwEXI3yBcHWZmizBXJnIXAv4A=="
    }
  }
}
